
Microsoft Visual Studio Solution File, Format Version 12.00
# Visual Studio Version 16
VisualStudioVersion = 25.0.1704.3
MinimumVisualStudioVersion = 10.0.40219.1
Project("{FAE04EC0-301F-11D3-BF4B-00C04F79EFBC}") = "Tech@HubAPI", "Tech@HubAPI.csproj", "{0E1FF86B-7F78-491B-9ADD-B32598A29F64}"
EndProject
Global
	GlobalSection(SolutionConfigurationPlatforms) = preSolution
		Debug|Any CPU = Debug|Any CPU
		Release|Any CPU = Release|Any CPU
	EndGlobalSection
	GlobalSection(ProjectConfigurationPlatforms) = postSolution
		{0E1FF86B-7F78-491B-9ADD-B32598A29F64}.Debug|Any CPU.ActiveCfg = Debug|Any CPU
		{0E1FF86B-7F78-491B-9ADD-B32598A29F64}.Debug|Any CPU.Build.0 = Debug|Any CPU
		{0E1FF86B-7F78-491B-9ADD-B32598A29F64}.Release|Any CPU.ActiveCfg = Release|Any CPU
		{0E1FF86B-7F78-491B-9ADD-B32598A29F64}.Release|Any CPU.Build.0 = Release|Any CPU
	EndGlobalSection
	GlobalSection(SolutionProperties) = preSolution
		HideSolutionNode = FALSE
	EndGlobalSection
	GlobalSection(ExtensibilityGlobals) = postSolution
		SolutionGuid = {6FB0BFE4-DCA4-44A6-B83C-4EC22CE2250C}
	EndGlobalSection
EndGlobal
